{
  "nodes": {
    "introducingbloats": {
      "locked": {
        "lastModified": 1771934788,
        "narHash": "sha256-StRJjVtoKFzEoHpibUcd8zTdPe5mW1cHAAH6TALH23M=",
        "owner": "introducingbloats",
        "repo": "core.flakes",
        "rev": "a24e88ce7a2970c9dfbb9dbfd1dc6710614ea0e6",
        "type": "github"
      },
      "original": {
        "owner": "introducingbloats",
        "ref": "main",
        "repo": "core.flakes",
        "type": "github"
      }
    },
    "nixpkgs": {
      "locked": {
        "lastModified": 1782575963,
        "narHash": "sha256-ZrG/xu2cavAZc9kdU47GyGUnM8B7zLqNafiI1XflrWo=",
        "owner": "NixOS",
        "repo": "nixpkgs",
        "rev": "39894d27c14ae6ff031db72b0b3b28b2cdc28a8e",
        "type": "github"
      },
      "original": {
        "owner": "NixOS",
        "ref": "nixos-26.05-small",
        "repo": "nixpkgs",
        "type": "github"
      }
    },
    "root": {
      "inputs": {
        "introducingbloats": "introducingbloats",
        "nixpkgs": "nixpkgs"
      }
    }
  },
  "root": "root",
  "version": 7
}
